
Microsoft Visual Studio Solution File, Format Version 12.00
# Visual Studio 2017
Project("{FAE04EC0-301F-11D3-BF4B-00C04F79EFBC}") = "GPJ_VR_MultiplayerDemo.Plugins", "GPJ_VR_MultiplayerDemo.Plugins.csproj", "{BA5A5DEB-F114-C762-8627-51DC74E18315}"
EndProject
Project("{FAE04EC0-301F-11D3-BF4B-00C04F79EFBC}") = "GPJ_VR_MultiplayerDemo", "GPJ_VR_MultiplayerDemo.csproj", "{42770869-1CB5-1E53-F877-D132F8468505}"
EndProject
Project("{FAE04EC0-301F-11D3-BF4B-00C04F79EFBC}") = "GPJ_VR_MultiplayerDemo.Editor", "GPJ_VR_MultiplayerDemo.Editor.csproj", "{43DA11A5-DEA4-9122-06C4-DF3367536906}"
EndProject
Global
	GlobalSection(SolutionConfigurationPlatforms) = preSolution
		Debug|Any CPU = Debug|Any CPU
		Release|Any CPU = Release|Any CPU
	EndGlobalSection
	GlobalSection(ProjectConfigurationPlatforms) = postSolution
		{BA5A5DEB-F114-C762-8627-51DC74E18315}.Debug|Any CPU.ActiveCfg = Debug|Any CPU
		{BA5A5DEB-F114-C762-8627-51DC74E18315}.Debug|Any CPU.Build.0 = Debug|Any CPU
		{BA5A5DEB-F114-C762-8627-51DC74E18315}.Release|Any CPU.ActiveCfg = Release|Any CPU
		{BA5A5DEB-F114-C762-8627-51DC74E18315}.Release|Any CPU.Build.0 = Release|Any CPU
		{42770869-1CB5-1E53-F877-D132F8468505}.Debug|Any CPU.ActiveCfg = Debug|Any CPU
		{42770869-1CB5-1E53-F877-D132F8468505}.Debug|Any CPU.Build.0 = Debug|Any CPU
		{42770869-1CB5-1E53-F877-D132F8468505}.Release|Any CPU.ActiveCfg = Release|Any CPU
		{42770869-1CB5-1E53-F877-D132F8468505}.Release|Any CPU.Build.0 = Release|Any CPU
		{43DA11A5-DEA4-9122-06C4-DF3367536906}.Debug|Any CPU.ActiveCfg = Debug|Any CPU
		{43DA11A5-DEA4-9122-06C4-DF3367536906}.Debug|Any CPU.Build.0 = Debug|Any CPU
		{43DA11A5-DEA4-9122-06C4-DF3367536906}.Release|Any CPU.ActiveCfg = Release|Any CPU
		{43DA11A5-DEA4-9122-06C4-DF3367536906}.Release|Any CPU.Build.0 = Release|Any CPU
	EndGlobalSection
	GlobalSection(SolutionProperties) = preSolution
		HideSolutionNode = FALSE
	EndGlobalSection
EndGlobal
